{
  "object": {
    "pins": [
      {
        "package": "ESTabBarController",
        "repositoryURL": "https://github.com/eggswift/ESTabBarController",
        "state": {
          "branch": null,
          "revision": "2acc5e5844efcb3259ace475e012c75de5c90658",
          "version": "2.8.0"
        }
      },
      {
        "package": "KDCircularProgress",
        "repositoryURL": "https://github.com/kaandedeoglu/KDCircularProgress",
        "state": {
          "branch": null,
          "revision": "a0f30e0605b7ac91ac1b243efd9914b3fd592ad3",
          "version": "1.5.4"
        }
      },
      {
        "package": "SnapKit",
        "repositoryURL": "https://github.com/SnapKit/SnapKit",
        "state": {
          "branch": null,
          "revision": "d458564516e5676af9c70b4f4b2a9178294f1bc6",
          "version": "5.0.1"
        }
      }
    ]
  },
  "version": 1
}
